Microsoft Visual Studio Solution File, Format Version 12.00
# Visual Studio 2012
Project("{FAE04EC0-301F-11D3-BF4B-00C04F79EFBC}") = "OwnerReadyAwareness", "OwnerReadyAwareness.csproj", "{B218D013-CF87-494E-84EE-A70FBA413A4D}"
EndProject
Global
	GlobalSection(SolutionConfigurationPlatforms) = preSolution
	Debug|Any CPU = Debug|Any CPU
	ExportDebug|Any CPU = ExportDebug|Any CPU
	ExportRelease|Any CPU = ExportRelease|Any CPU
	EndGlobalSection
	GlobalSection(ProjectConfigurationPlatforms) = postSolution
		{B218D013-CF87-494E-84EE-A70FBA413A4D}.Debug|Any CPU.ActiveCfg = Debug|Any CPU
		{B218D013-CF87-494E-84EE-A70FBA413A4D}.Debug|Any CPU.Build.0 = Debug|Any CPU
		{B218D013-CF87-494E-84EE-A70FBA413A4D}.ExportDebug|Any CPU.ActiveCfg = ExportDebug|Any CPU
		{B218D013-CF87-494E-84EE-A70FBA413A4D}.ExportDebug|Any CPU.Build.0 = ExportDebug|Any CPU
		{B218D013-CF87-494E-84EE-A70FBA413A4D}.ExportRelease|Any CPU.ActiveCfg = ExportRelease|Any CPU
		{B218D013-CF87-494E-84EE-A70FBA413A4D}.ExportRelease|Any CPU.Build.0 = ExportRelease|Any CPU
	EndGlobalSection
EndGlobal
